{
  "originHash" : "6964afda7d9fa56d787dd991679a7220f3009bcc10f6bbb4db6ae80364032b53",
  "pins" : [
    {
      "identity" : "untoldengine",
      "kind" : "remoteSourceControl",
      "location" : "https://github.com/untoldengine/UntoldEngine",
      "state" : {
        "branch" : "develop",
        "revision" : "32561b4a9c1f18c41b2bd186aa7e024c309b7d7f"
      }
    }
  ],
  "version" : 3
}
