{
  "originHash" : "fe489bfa83d82b3e47c53a25fa75478b96a3799e895b03db6969a4f39e4883f5",
  "pins" : [
    {
      "identity" : "proceduralgeometryextension",
      "kind" : "remoteSourceControl",
      "location" : "https://github.com/untoldengine/ProceduralGeometryExtension.git",
      "state" : {
        "branch" : "main",
        "revision" : "60ea15a45467a2ae59989c2004286fc3cc4e06f2"
      }
    }
  ],
  "version" : 3
}
