{
  "originHash" : "39cc400398b2b6b82f21e3c3fa16055b36698ed9b65405167de3d4a143ec8d20",
  "pins" : [
    {
      "identity" : "proceduralgeometryextension",
      "kind" : "remoteSourceControl",
      "location" : "https://github.com/untoldengine/ProceduralGeometryExtension.git",
      "state" : {
        "branch" : "main",
        "revision" : "60ea15a45467a2ae59989c2004286fc3cc4e06f2"
      }
    },
    {
      "identity" : "untoldengine",
      "kind" : "remoteSourceControl",
      "location" : "https://github.com/untoldengine/UntoldEngine.git",
      "state" : {
        "branch" : "develop",
        "revision" : "ccd8eceb32984198e23c9d3f22ea921c9560f983"
      }
    }
  ],
  "version" : 3
}
