{
  "originHash" : "956028eada3b28dbac358ab387ea30d3065c2f031213c55e4f4aedf44fdc4e56",
  "pins" : [
    {
      "identity" : "untoldengine",
      "kind" : "remoteSourceControl",
      "location" : "https://github.com/miolabs/UntoldEngine.git",
      "state" : {
        "branch" : "develop",
        "revision" : "e7c89c543a03479cbefdcbe9daddc484e50d3c98"
      }
    }
  ],
  "version" : 3
}
