{
  "originHash" : "aafaf0644e15e697fae42b486b8899878248cc77602db21e5761cef737bf950d",
  "pins" : [
    {
      "identity" : "untoldengine",
      "kind" : "remoteSourceControl",
      "location" : "https://github.com/miolabs/UntoldEngine.git",
      "state" : {
        "branch" : "develop",
        "revision" : "8131693e3d2ff87770352d83abdf782b7f6244ea"
      }
    }
  ],
  "version" : 3
}
