// !$*UTF8*$!
{
	archiveVersion = 1;
	classes = {
	};
	objectVersion = 77;
	objects = {

/* Begin PBXBuildFile section */
		190B994D1F754CA6BFAF82C7 /* CoolMirrorCaptureApp.swift in Sources */ = {isa = PBXBuildFile; fileRef = A48C1DFAA92ABBD1A20B76EC /* CoolMirrorCaptureApp.swift */; };
		33CD23772C25514C07CE4487 /* BodyTrackingView.swift in Sources */ = {isa = PBXBuildFile; fileRef = 4DEFC5F179FEA4CE38D84501 /* BodyTrackingView.swift */; };
		A192C67E9661E907FB2828A3 /* CoolMirrorMocap in Frameworks */ = {isa = PBXBuildFile; productRef = 8864EAD0C3EC11B6891135DE /* CoolMirrorMocap */; };
		D92482E20188F0DD71E5AA68 /* CaptureSession.swift in Sources */ = {isa = PBXBuildFile; fileRef = 9B72F6815D71DEF3CDB4093D /* CaptureSession.swift */; };
/* End PBXBuildFile section */

/* Begin PBXFileReference section */
		454DC83C8A9A4C93E2F85359 /* CoolMirror */ = {isa = PBXFileReference; lastKnownFileType = folder; name = CoolMirror; path = ../..; sourceTree = SOURCE_ROOT; };
		4DEFC5F179FEA4CE38D84501 /* BodyTrackingView.swift */ = {isa = PBXFileReference; lastKnownFileType = sourcecode.swift; path = BodyTrackingView.swift; sourceTree = "<group>"; };
		70104AEC0FD71FDED88AE87C /* Info.plist */ = {isa = PBXFileReference; lastKnownFileType = text.plist; path = Info.plist; sourceTree = "<group>"; };
		9B72F6815D71DEF3CDB4093D /* CaptureSession.swift */ = {isa = PBXFileReference; lastKnownFileType = sourcecode.swift; path = CaptureSession.swift; sourceTree = "<group>"; };
		A48C1DFAA92ABBD1A20B76EC /* CoolMirrorCaptureApp.swift */ = {isa = PBXFileReference; lastKnownFileType = sourcecode.swift; path = CoolMirrorCaptureApp.swift; sourceTree = "<group>"; };
		EC3D385CD5A88EC6A57A54FB /* CoolMirrorCapture.app */ = {isa = PBXFileReference; includeInIndex = 0; lastKnownFileType = wrapper.application; path = CoolMirrorCapture.app; sourceTree = BUILT_PRODUCTS_DIR; };
/* End PBXFileReference section */

/* Begin PBXFrameworksBuildPhase section */
		FFAE27ED3A6AEF44402931CA /* Frameworks */ = {
			isa = PBXFrameworksBuildPhase;
			buildActionMask = 2147483647;
			files = (
				A192C67E9661E907FB2828A3 /* CoolMirrorMocap in Frameworks */,
			);
			runOnlyForDeploymentPostprocessing = 0;
		};
/* End PBXFrameworksBuildPhase section */

/* Begin PBXGroup section */
		04EA4E3EC6B861707C230416 /* CoolMirrorCapture */ = {
			isa = PBXGroup;
			children = (
				4DEFC5F179FEA4CE38D84501 /* BodyTrackingView.swift */,
				9B72F6815D71DEF3CDB4093D /* CaptureSession.swift */,
				A48C1DFAA92ABBD1A20B76EC /* CoolMirrorCaptureApp.swift */,
				70104AEC0FD71FDED88AE87C /* Info.plist */,
			);
			path = CoolMirrorCapture;
			sourceTree = "<group>";
		};
		3DF0787DA934760C5B732FCD /* Products */ = {
			isa = PBXGroup;
			children = (
				EC3D385CD5A88EC6A57A54FB /* CoolMirrorCapture.app */,
			);
			name = Products;
			sourceTree = "<group>";
		};
		5E96E6C0836090CE44D1437E = {
			isa = PBXGroup;
			children = (
				04EA4E3EC6B861707C230416 /* CoolMirrorCapture */,
				AE621EC1A38483977C8B719F /* Packages */,
				3DF0787DA934760C5B732FCD /* Products */,
			);
			sourceTree = "<group>";
		};
		AE621EC1A38483977C8B719F /* Packages */ = {
			isa = PBXGroup;
			children = (
				454DC83C8A9A4C93E2F85359 /* CoolMirror */,
			);
			name = Packages;
			sourceTree = "<group>";
		};
/* End PBXGroup section */

/* Begin PBXNativeTarget section */
		94E07454A406CCCA7DB13BC0 /* CoolMirrorCapture */ = {
			isa = PBXNativeTarget;
			buildConfigurationList = C2DCE3CD59C587FD6DF06EC1 /* Build configuration list for PBXNativeTarget "CoolMirrorCapture" */;
			buildPhases = (
				E2FC8B4ADD3B402E239CE930 /* Sources */,
				FFAE27ED3A6AEF44402931CA /* Frameworks */,
			);
			buildRules = (
			);
			dependencies = (
			);
			name = CoolMirrorCapture;
			packageProductDependencies = (
				8864EAD0C3EC11B6891135DE /* CoolMirrorMocap */,
			);
			productName = CoolMirrorCapture;
			productReference = EC3D385CD5A88EC6A57A54FB /* CoolMirrorCapture.app */;
			productType = "com.apple.product-type.application";
		};
/* End PBXNativeTarget section */

/* Begin PBXProject section */
		42D8AD528B23C3D2ADA6EE56 /* Project object */ = {
			isa = PBXProject;
			attributes = {
				BuildIndependentTargetsInParallel = YES;
				LastUpgradeCheck = 1430;
				TargetAttributes = {
					94E07454A406CCCA7DB13BC0 = {
						DevelopmentTeam = 53X2422NYU;
						ProvisioningStyle = Automatic;
					};
				};
			};
			buildConfigurationList = EBBDC717A7290291C7FFCB54 /* Build configuration list for PBXProject "CoolMirrorCapture" */;
			developmentRegion = en;
			hasScannedForEncodings = 0;
			knownRegions = (
				Base,
				en,
			);
			mainGroup = 5E96E6C0836090CE44D1437E;
			minimizedProjectReferenceProxies = 1;
			packageReferences = (
				ABF66DE9DA1C6E4900AA5092 /* XCLocalSwiftPackageReference "../.." */,
			);
			preferredProjectObjectVersion = 77;
			productRefGroup = 3DF0787DA934760C5B732FCD /* Products */;
			projectDirPath = "";
			projectRoot = "";
			targets = (
				94E07454A406CCCA7DB13BC0 /* CoolMirrorCapture */,
			);
		};
/* End PBXProject section */

/* Begin PBXSourcesBuildPhase section */
		E2FC8B4ADD3B402E239CE930 /* Sources */ = {
			isa = PBXSourcesBuildPhase;
			buildActionMask = 2147483647;
			files = (
				33CD23772C25514C07CE4487 /* BodyTrackingView.swift in Sources */,
				D92482E20188F0DD71E5AA68 /* CaptureSession.swift in Sources */,
				190B994D1F754CA6BFAF82C7 /* CoolMirrorCaptureApp.swift in Sources */,
			);
			runOnlyForDeploymentPostprocessing = 0;
		};
/* End PBXSourcesBuildPhase section */

/* Begin XCBuildConfiguration section */
		3B9CB06CAA8C58D70B58072B /* Debug */ = {
			isa = XCBuildConfiguration;
			buildSettings = {
				ALWAYS_SEARCH_USER_PATHS = NO;
				CLANG_ANALYZER_NONNULL = YES;
				CLANG_ANALYZER_NUMBER_OBJECT_CONVERSION = YES_AGGRESSIVE;
				CLANG_CXX_LANGUAGE_STANDARD = "gnu++14";
				CLANG_CXX_LIBRARY = "libc++";
				CLANG_ENABLE_MODULES = YES;
				CLANG_ENABLE_OBJC_ARC = YES;
				CLANG_ENABLE_OBJC_WEAK = YES;
				CLANG_WARN_BLOCK_CAPTURE_AUTORELEASING = YES;
				CLANG_WARN_BOOL_CONVERSION = YES;
				CLANG_WARN_COMMA = YES;
				CLANG_WARN_CONSTANT_CONVERSION = YES;
				CLANG_WARN_DEPRECATED_OBJC_IMPLEMENTATIONS = YES;
				CLANG_WARN_DIRECT_OBJC_ISA_USAGE = YES_ERROR;
				CLANG_WARN_DOCUMENTATION_COMMENTS = YES;
				CLANG_WARN_EMPTY_BODY = YES;
				CLANG_WARN_ENUM_CONVERSION = YES;
				CLANG_WARN_INFINITE_RECURSION = YES;
				CLANG_WARN_INT_CONVERSION = YES;
				CLANG_WARN_NON_LITERAL_NULL_CONVERSION = YES;
				CLANG_WARN_OBJC_IMPLICIT_RETAIN_SELF = YES;
				CLANG_WARN_OBJC_LITERAL_CONVERSION = YES;
				CLANG_WARN_OBJC_ROOT_CLASS = YES_ERROR;
				CLANG_WARN_QUOTED_INCLUDE_IN_FRAMEWORK_HEADER = YES;
				CLANG_WARN_RANGE_LOOP_ANALYSIS = YES;
				CLANG_WARN_STRICT_PROTOTYPES = YES;
				CLANG_WARN_SUSPICIOUS_MOVE = YES;
				CLANG_WARN_UNGUARDED_AVAILABILITY = YES_AGGRESSIVE;
				CLANG_WARN_UNREACHABLE_CODE = YES;
				CLANG_WARN__DUPLICATE_METHOD_MATCH = YES;
				COPY_PHASE_STRIP = NO;
				DEBUG_INFORMATION_FORMAT = dwarf;
				ENABLE_STRICT_OBJC_MSGSEND = YES;
				ENABLE_TESTABILITY = YES;
				GCC_C_LANGUAGE_STANDARD = gnu11;
				GCC_DYNAMIC_NO_PIC = NO;
				GCC_NO_COMMON_BLOCKS = YES;
				GCC_OPTIMIZATION_LEVEL = 0;
				GCC_PREPROCESSOR_DEFINITIONS = (
					"$(inherited)",
					"DEBUG=1",
				);
				GCC_WARN_64_TO_32_BIT_CONVERSION = YES;
				GCC_WARN_ABOUT_RETURN_TYPE = YES_ERROR;
				GCC_WARN_UNDECLARED_SELECTOR = YES;
				GCC_WARN_UNINITIALIZED_AUTOS = YES_AGGRESSIVE;
				GCC_WARN_UNUSED_FUNCTION = YES;
				GCC_WARN_UNUSED_VARIABLE = YES;
				MTL_ENABLE_DEBUG_INFO = INCLUDE_SOURCE;
				MTL_FAST_MATH = YES;
				ONLY_ACTIVE_ARCH = YES;
				PRODUCT_NAME = "$(TARGET_NAME)";
				SDKROOT = iphoneos;
				SWIFT_ACTIVE_COMPILATION_CONDITIONS = DEBUG;
				SWIFT_OPTIMIZATION_LEVEL = "-Onone";
				SWIFT_VERSION = 5.0;
			};
			name = Debug;
		};
		4F7FCC4B532F0709210DB1DF /* Release */ = {
			isa = XCBuildConfiguration;
			buildSettings = {
				ALWAYS_SEARCH_USER_PATHS = NO;
				CLANG_ANALYZER_NONNULL = YES;
				CLANG_ANALYZER_NUMBER_OBJECT_CONVERSION = YES_AGGRESSIVE;
				CLANG_CXX_LANGUAGE_STANDARD = "gnu++14";
				CLANG_CXX_LIBRARY = "libc++";
				CLANG_ENABLE_MODULES = YES;
				CLANG_ENABLE_OBJC_ARC = YES;
				CLANG_ENABLE_OBJC_WEAK = YES;
				CLANG_WARN_BLOCK_CAPTURE_AUTORELEASING = YES;
				CLANG_WARN_BOOL_CONVERSION = YES;
				CLANG_WARN_COMMA = YES;
				CLANG_WARN_CONSTANT_CONVERSION = YES;
				CLANG_WARN_DEPRECATED_OBJC_IMPLEMENTATIONS = YES;
				CLANG_WARN_DIRECT_OBJC_ISA_USAGE = YES_ERROR;
				CLANG_WARN_DOCUMENTATION_COMMENTS = YES;
				CLANG_WARN_EMPTY_BODY = YES;
				CLANG_WARN_ENUM_CONVERSION = YES;
				CLANG_WARN_INFINITE_RECURSION = YES;
				CLANG_WARN_INT_CONVERSION = YES;
				CLANG_WARN_NON_LITERAL_NULL_CONVERSION = YES;
				CLANG_WARN_OBJC_IMPLICIT_RETAIN_SELF = YES;
				CLANG_WARN_OBJC_LITERAL_CONVERSION = YES;
				CLANG_WARN_OBJC_ROOT_CLASS = YES_ERROR;
				CLANG_WARN_QUOTED_INCLUDE_IN_FRAMEWORK_HEADER = YES;
				CLANG_WARN_RANGE_LOOP_ANALYSIS = YES;
				CLANG_WARN_STRICT_PROTOTYPES = YES;
				CLANG_WARN_SUSPICIOUS_MOVE = YES;
				CLANG_WARN_UNGUARDED_AVAILABILITY = YES_AGGRESSIVE;
				CLANG_WARN_UNREACHABLE_CODE = YES;
				CLANG_WARN__DUPLICATE_METHOD_MATCH = YES;
				COPY_PHASE_STRIP = NO;
				DEBUG_INFORMATION_FORMAT = "dwarf-with-dsym";
				ENABLE_NS_ASSERTIONS = NO;
				ENABLE_STRICT_OBJC_MSGSEND = YES;
				GCC_C_LANGUAGE_STANDARD = gnu11;
				GCC_NO_COMMON_BLOCKS = YES;
				GCC_WARN_64_TO_32_BIT_CONVERSION = YES;
				GCC_WARN_ABOUT_RETURN_TYPE = YES_ERROR;
				GCC_WARN_UNDECLARED_SELECTOR = YES;
				GCC_WARN_UNINITIALIZED_AUTOS = YES_AGGRESSIVE;
				GCC_WARN_UNUSED_FUNCTION = YES;
				GCC_WARN_UNUSED_VARIABLE = YES;
				MTL_ENABLE_DEBUG_INFO = NO;
				MTL_FAST_MATH = YES;
				PRODUCT_NAME = "$(TARGET_NAME)";
				SDKROOT = iphoneos;
				SWIFT_COMPILATION_MODE = wholemodule;
				SWIFT_OPTIMIZATION_LEVEL = "-O";
				SWIFT_VERSION = 5.0;
			};
			name = Release;
		};
		C9F005BA31713A35A09A66EB /* Debug */ = {
			isa = XCBuildConfiguration;
			buildSettings = {
				ASSETCATALOG_COMPILER_APPICON_NAME = AppIcon;
				CODE_SIGN_IDENTITY = "iPhone Developer";
				CODE_SIGN_STYLE = Automatic;
				CURRENT_PROJECT_VERSION = 1;
				DEVELOPMENT_TEAM = 53X2422NYU;
				INFOPLIST_FILE = CoolMirrorCapture/Info.plist;
				INFOPLIST_KEY_UIApplicationSupportsIndirectInputEvents = YES;
				IPHONEOS_DEPLOYMENT_TARGET = 17.0;
				LD_RUNPATH_SEARCH_PATHS = (
					"$(inherited)",
					"@executable_path/Frameworks",
				);
				MARKETING_VERSION = 1.0;
				PRODUCT_BUNDLE_IDENTIFIER = com.miolabs.coolmirrorcapture;
				SDKROOT = iphoneos;
				SWIFT_VERSION = 5.0;
				TARGETED_DEVICE_FAMILY = 1;
			};
			name = Debug;
		};
		EDED5F9EA133B8D67378C1A2 /* Release */ = {
			isa = XCBuildConfiguration;
			buildSettings = {
				ASSETCATALOG_COMPILER_APPICON_NAME = AppIcon;
				CODE_SIGN_IDENTITY = "iPhone Developer";
				CODE_SIGN_STYLE = Automatic;
				CURRENT_PROJECT_VERSION = 1;
				DEVELOPMENT_TEAM = 53X2422NYU;
				INFOPLIST_FILE = CoolMirrorCapture/Info.plist;
				INFOPLIST_KEY_UIApplicationSupportsIndirectInputEvents = YES;
				IPHONEOS_DEPLOYMENT_TARGET = 17.0;
				LD_RUNPATH_SEARCH_PATHS = (
					"$(inherited)",
					"@executable_path/Frameworks",
				);
				MARKETING_VERSION = 1.0;
				PRODUCT_BUNDLE_IDENTIFIER = com.miolabs.coolmirrorcapture;
				SDKROOT = iphoneos;
				SWIFT_VERSION = 5.0;
				TARGETED_DEVICE_FAMILY = 1;
			};
			name = Release;
		};
/* End XCBuildConfiguration section */

/* Begin XCConfigurationList section */
		C2DCE3CD59C587FD6DF06EC1 /* Build configuration list for PBXNativeTarget "CoolMirrorCapture" */ = {
			isa = XCConfigurationList;
			buildConfigurations = (
				C9F005BA31713A35A09A66EB /* Debug */,
				EDED5F9EA133B8D67378C1A2 /* Release */,
			);
			defaultConfigurationIsVisible = 0;
			defaultConfigurationName = Debug;
		};
		EBBDC717A7290291C7FFCB54 /* Build configuration list for PBXProject "CoolMirrorCapture" */ = {
			isa = XCConfigurationList;
			buildConfigurations = (
				3B9CB06CAA8C58D70B58072B /* Debug */,
				4F7FCC4B532F0709210DB1DF /* Release */,
			);
			defaultConfigurationIsVisible = 0;
			defaultConfigurationName = Debug;
		};
/* End XCConfigurationList section */

/* Begin XCLocalSwiftPackageReference section */
		ABF66DE9DA1C6E4900AA5092 /* XCLocalSwiftPackageReference "../.." */ = {
			isa = XCLocalSwiftPackageReference;
			relativePath = ../..;
		};
/* End XCLocalSwiftPackageReference section */

/* Begin XCSwiftPackageProductDependency section */
		8864EAD0C3EC11B6891135DE /* CoolMirrorMocap */ = {
			isa = XCSwiftPackageProductDependency;
			productName = CoolMirrorMocap;
		};
/* End XCSwiftPackageProductDependency section */
	};
	rootObject = 42D8AD528B23C3D2ADA6EE56 /* Project object */;
}
