{
  "originHash" : "23f4d24aaa1b6e66f2dcfd259727df479af69aceed46e0a4bb4b62d5ce315b45",
  "pins" : [
    {
      "identity" : "untoldengine",
      "kind" : "remoteSourceControl",
      "location" : "https://github.com/untoldengine/UntoldEngine.git",
      "state" : {
        "branch" : "develop",
        "revision" : "bd06f9741e03b2e69e73500577b18d4c521c62d2"
      }
    }
  ],
  "version" : 3
}
