{
  "originHash" : "042db3ab4d37aa77f3e4c85a228f13e9ad440c132a2280a1f83f92d42a631a26",
  "pins" : [
    {
      "identity" : "joltphysics",
      "kind" : "remoteSourceControl",
      "location" : "https://github.com/miolabs/JoltPhysics.git",
      "state" : {
        "revision" : "d022139333fea10ae43c9faaa34108c72c9bee7b",
        "version" : "5.6.0-spm.1"
      }
    },
    {
      "identity" : "untoldengine",
      "kind" : "remoteSourceControl",
      "location" : "https://github.com/untoldengine/UntoldEngine.git",
      "state" : {
        "branch" : "develop",
        "revision" : "4c54e1ac3158bbf0392d554a5deeae9e731a00ac"
      }
    }
  ],
  "version" : 3
}
