{
  "originHash" : "49975a3b253398aa7a3d0d3dfc3d5c8c85ffee5621e78f41419e241258a0a699",
  "pins" : [
    {
      "identity" : "untoldengine",
      "kind" : "remoteSourceControl",
      "location" : "https://github.com/miolabs/UntoldEngine.git",
      "state" : {
        "branch" : "feature/mirror_mocap",
        "revision" : "7472196a1a30106dd1b4ced2995a2303027813dc"
      }
    }
  ],
  "version" : 3
}
