{
  "originHash" : "0e480442b364d52ae9bf1af89d9135ec7c4eccfc6b15a184ad808e6c6909e67d",
  "pins" : [
    {
      "identity" : "joltphysics",
      "kind" : "remoteSourceControl",
      "location" : "https://github.com/miolabs/JoltPhysics.git",
      "state" : {
        "revision" : "d022139333fea10ae43c9faaa34108c72c9bee7b",
        "version" : "5.6.0-spm.1"
      }
    },
    {
      "identity" : "untoldengine",
      "kind" : "remoteSourceControl",
      "location" : "https://github.com/untoldengine/UntoldEngine.git",
      "state" : {
        "branch" : "develop",
        "revision" : "0af348ed4384853d57ff628ce0b5c4d8ac8133d4"
      }
    }
  ],
  "version" : 3
}
