{
  "originHash": "c32171e684243b1241a5b8bb2a7b0e36246294185ecfaeb99e2e842b83739aee",
  "pins": [
    {
      "identity": "untoldengine",
      "kind": "remoteSourceControl",
      "location": "https://github.com/miolabs/UntoldEngine",
      "state": {
        "branch": "feature/xpbd_muscles",
        "revision": "774663655b1f362011c90502942cba431061f5c5"
      }
    }
  ],
  "version": 3
}