{
  "originHash" : "c32171e684243b1241a5b8bb2a7b0e36246294185ecfaeb99e2e842b83739aee",
  "pins" : [
    {
      "identity" : "untoldengine",
      "kind" : "remoteSourceControl",
      "location" : "https://github.com/miolabs/UntoldEngine",
      "state" : {
        "branch" : "feature/dqs_ddm",
        "revision" : "636fa8ef323391e7c1dd467fea54828f8c36e7da"
      }
    }
  ],
  "version" : 3
}
