{
  "originHash" : "05fb758f0d209d8b438da4fa85d25dc3ec299ca31c71a4863651020be572cc3e",
  "pins" : [
    {
      "identity" : "untoldengine",
      "kind" : "remoteSourceControl",
      "location" : "https://github.com/miolabs/UntoldEngine",
      "state" : {
        "branch" : "develop",
        "revision" : "8131693e3d2ff87770352d83abdf782b7f6244ea"
      }
    }
  ],
  "version" : 3
}
