{
  "originHash" : "05fb758f0d209d8b438da4fa85d25dc3ec299ca31c71a4863651020be572cc3e",
  "pins" : [
    {
      "identity" : "untoldengine",
      "kind" : "remoteSourceControl",
      "location" : "https://github.com/miolabs/UntoldEngine",
      "state" : {
        "branch" : "develop",
        "revision" : "3830bd08ab91a4ad1b0461c9a6c96e8ce4d02f00"
      }
    }
  ],
  "version" : 3
}
