{
  "originHash" : "05fb758f0d209d8b438da4fa85d25dc3ec299ca31c71a4863651020be572cc3e",
  "pins" : [
    {
      "identity" : "untoldengine",
      "kind" : "remoteSourceControl",
      "location" : "https://github.com/miolabs/UntoldEngine",
      "state" : {
        "branch" : "develop",
        "revision" : "cdd7f530613ce4d36cb0d31692ae9ffc53066a5f"
      }
    }
  ],
  "version" : 3
}
