{
  "originHash" : "94b024d18c48ce53a41302cdbf320586f50517b51b2aca1abfe802e1929d4335",
  "pins" : [
    {
      "identity" : "untoldengine",
      "kind" : "remoteSourceControl",
      "location" : "https://github.com/untoldengine/UntoldEngine.git",
      "state" : {
        "branch" : "develop",
        "revision" : "b880b832fd0c2db6c52cde43d665b7230226db62"
      }
    }
  ],
  "version" : 3
}
