// !$*UTF8*$!
{
	archiveVersion = 1;
	classes = {
	};
	objectVersion = 56;
	objects = {

/* Begin PBXBuildFile section */
		037DF4FC2E9014AC006307D9 /* AppDelegate.swift in Sources */ = {isa = PBXBuildFile; fileRef = 037DF4FB2E9014AC006307D9 /* AppDelegate.swift */; };
		037DF5052E9014AD006307D9 /* Assets.xcassets in Resources */ = {isa = PBXBuildFile; fileRef = 037DF5042E9014AD006307D9 /* Assets.xcassets */; };
		037DF5082E9014AD006307D9 /* Base in Resources */ = {isa = PBXBuildFile; fileRef = 037DF5072E9014AD006307D9 /* Base */; };
		037DF5122E9014E9006307D9 /* Animations in Resources */ = {isa = PBXBuildFile; fileRef = 037DF50F2E9014E9006307D9 /* Animations */; };
		037DF5132E9014E9006307D9 /* Models in Resources */ = {isa = PBXBuildFile; fileRef = 037DF5102E9014E9006307D9 /* Models */; };
		037DF5142E9014E9006307D9 /* soccergamedemo.json in Resources */ = {isa = PBXBuildFile; fileRef = 037DF5112E9014E9006307D9 /* soccergamedemo.json */; };
		037DF5182E901524006307D9 /* UntoldEngine in Frameworks */ = {isa = PBXBuildFile; productRef = 037DF5172E901524006307D9 /* UntoldEngine */; };
		037DF51C2E9015A3006307D9 /* DribblingSystem.swift in Sources */ = {isa = PBXBuildFile; fileRef = 037DF5192E9015A3006307D9 /* DribblingSystem.swift */; };
		037DF51D2E9015A3006307D9 /* BallSystem.swift in Sources */ = {isa = PBXBuildFile; fileRef = 037DF51A2E9015A3006307D9 /* BallSystem.swift */; };
		037DF51E2E9015A3006307D9 /* CameraFollow.swift in Sources */ = {isa = PBXBuildFile; fileRef = 037DF51B2E9015A3006307D9 /* CameraFollow.swift */; };
/* End PBXBuildFile section */

/* Begin PBXFileReference section */
		037DF4F82E9014AC006307D9 /* SoccerArcade.app */ = {isa = PBXFileReference; explicitFileType = wrapper.application; includeInIndex = 0; path = SoccerArcade.app; sourceTree = BUILT_PRODUCTS_DIR; };
		037DF4FB2E9014AC006307D9 /* AppDelegate.swift */ = {isa = PBXFileReference; lastKnownFileType = sourcecode.swift; path = AppDelegate.swift; sourceTree = "<group>"; };
		037DF5042E9014AD006307D9 /* Assets.xcassets */ = {isa = PBXFileReference; lastKnownFileType = folder.assetcatalog; path = Assets.xcassets; sourceTree = "<group>"; };
		037DF5072E9014AD006307D9 /* Base */ = {isa = PBXFileReference; lastKnownFileType = file.storyboard; name = Base; path = Base.lproj/Main.storyboard; sourceTree = "<group>"; };
		037DF5092E9014AD006307D9 /* SoccerArcade.entitlements */ = {isa = PBXFileReference; lastKnownFileType = text.plist.entitlements; path = SoccerArcade.entitlements; sourceTree = "<group>"; };
		037DF50F2E9014E9006307D9 /* Animations */ = {isa = PBXFileReference; lastKnownFileType = folder; path = Animations; sourceTree = "<group>"; };
		037DF5102E9014E9006307D9 /* Models */ = {isa = PBXFileReference; lastKnownFileType = folder; path = Models; sourceTree = "<group>"; };
		037DF5112E9014E9006307D9 /* soccergamedemo.json */ = {isa = PBXFileReference; lastKnownFileType = text.json; path = soccergamedemo.json; sourceTree = "<group>"; };
		037DF5192E9015A3006307D9 /* DribblingSystem.swift */ = {isa = PBXFileReference; fileEncoding = 4; lastKnownFileType = sourcecode.swift; path = DribblingSystem.swift; sourceTree = "<group>"; };
		037DF51A2E9015A3006307D9 /* BallSystem.swift */ = {isa = PBXFileReference; fileEncoding = 4; lastKnownFileType = sourcecode.swift; path = BallSystem.swift; sourceTree = "<group>"; };
		037DF51B2E9015A3006307D9 /* CameraFollow.swift */ = {isa = PBXFileReference; fileEncoding = 4; lastKnownFileType = sourcecode.swift; path = CameraFollow.swift; sourceTree = "<group>"; };
/* End PBXFileReference section */

/* Begin PBXFrameworksBuildPhase section */
		037DF4F52E9014AC006307D9 /* Frameworks */ = {
			isa = PBXFrameworksBuildPhase;
			buildActionMask = 2147483647;
			files = (
				037DF5182E901524006307D9 /* UntoldEngine in Frameworks */,
			);
			runOnlyForDeploymentPostprocessing = 0;
		};
/* End PBXFrameworksBuildPhase section */

/* Begin PBXGroup section */
		037DF4EF2E9014AC006307D9 = {
			isa = PBXGroup;
			children = (
				037DF4FA2E9014AC006307D9 /* SoccerArcade */,
				037DF4F92E9014AC006307D9 /* Products */,
			);
			sourceTree = "<group>";
		};
		037DF4F92E9014AC006307D9 /* Products */ = {
			isa = PBXGroup;
			children = (
				037DF4F82E9014AC006307D9 /* SoccerArcade.app */,
			);
			name = Products;
			sourceTree = "<group>";
		};
		037DF4FA2E9014AC006307D9 /* SoccerArcade */ = {
			isa = PBXGroup;
			children = (
				037DF51F2E9023CC006307D9 /* Game */,
				037DF5152E9014FF006307D9 /* Resources */,
				037DF4FB2E9014AC006307D9 /* AppDelegate.swift */,
				037DF5042E9014AD006307D9 /* Assets.xcassets */,
				037DF5062E9014AD006307D9 /* Main.storyboard */,
				037DF5092E9014AD006307D9 /* SoccerArcade.entitlements */,
			);
			path = SoccerArcade;
			sourceTree = "<group>";
		};
		037DF5152E9014FF006307D9 /* Resources */ = {
			isa = PBXGroup;
			children = (
				037DF5112E9014E9006307D9 /* soccergamedemo.json */,
				037DF50F2E9014E9006307D9 /* Animations */,
				037DF5102E9014E9006307D9 /* Models */,
			);
			path = Resources;
			sourceTree = "<group>";
		};
		037DF51F2E9023CC006307D9 /* Game */ = {
			isa = PBXGroup;
			children = (
				037DF51A2E9015A3006307D9 /* BallSystem.swift */,
				037DF51B2E9015A3006307D9 /* CameraFollow.swift */,
				037DF5192E9015A3006307D9 /* DribblingSystem.swift */,
			);
			path = Game;
			sourceTree = "<group>";
		};
/* End PBXGroup section */

/* Begin PBXNativeTarget section */
		037DF4F72E9014AC006307D9 /* SoccerArcade */ = {
			isa = PBXNativeTarget;
			buildConfigurationList = 037DF50C2E9014AD006307D9 /* Build configuration list for PBXNativeTarget "SoccerArcade" */;
			buildPhases = (
				037DF4F42E9014AC006307D9 /* Sources */,
				037DF4F52E9014AC006307D9 /* Frameworks */,
				037DF4F62E9014AC006307D9 /* Resources */,
			);
			buildRules = (
			);
			dependencies = (
			);
			name = SoccerArcade;
			packageProductDependencies = (
				037DF5172E901524006307D9 /* UntoldEngine */,
			);
			productName = SoccerArcade;
			productReference = 037DF4F82E9014AC006307D9 /* SoccerArcade.app */;
			productType = "com.apple.product-type.application";
		};
/* End PBXNativeTarget section */

/* Begin PBXProject section */
		037DF4F02E9014AC006307D9 /* Project object */ = {
			isa = PBXProject;
			attributes = {
				BuildIndependentTargetsInParallel = 1;
				LastSwiftUpdateCheck = 1540;
				LastUpgradeCheck = 1540;
				TargetAttributes = {
					037DF4F72E9014AC006307D9 = {
						CreatedOnToolsVersion = 15.4;
					};
				};
			};
			buildConfigurationList = 037DF4F32E9014AC006307D9 /* Build configuration list for PBXProject "SoccerArcade" */;
			compatibilityVersion = "Xcode 14.0";
			developmentRegion = en;
			hasScannedForEncodings = 0;
			knownRegions = (
				en,
				Base,
			);
			mainGroup = 037DF4EF2E9014AC006307D9;
			packageReferences = (
				037DF5162E901524006307D9 /* XCRemoteSwiftPackageReference "UntoldEngine" */,
			);
			productRefGroup = 037DF4F92E9014AC006307D9 /* Products */;
			projectDirPath = "";
			projectRoot = "";
			targets = (
				037DF4F72E9014AC006307D9 /* SoccerArcade */,
			);
		};
/* End PBXProject section */

/* Begin PBXResourcesBuildPhase section */
		037DF4F62E9014AC006307D9 /* Resources */ = {
			isa = PBXResourcesBuildPhase;
			buildActionMask = 2147483647;
			files = (
				037DF5052E9014AD006307D9 /* Assets.xcassets in Resources */,
				037DF5082E9014AD006307D9 /* Base in Resources */,
				037DF5122E9014E9006307D9 /* Animations in Resources */,
				037DF5132E9014E9006307D9 /* Models in Resources */,
				037DF5142E9014E9006307D9 /* soccergamedemo.json in Resources */,
			);
			runOnlyForDeploymentPostprocessing = 0;
		};
/* End PBXResourcesBuildPhase section */

/* Begin PBXSourcesBuildPhase section */
		037DF4F42E9014AC006307D9 /* Sources */ = {
			isa = PBXSourcesBuildPhase;
			buildActionMask = 2147483647;
			files = (
				037DF51D2E9015A3006307D9 /* BallSystem.swift in Sources */,
				037DF51E2E9015A3006307D9 /* CameraFollow.swift in Sources */,
				037DF51C2E9015A3006307D9 /* DribblingSystem.swift in Sources */,
				037DF4FC2E9014AC006307D9 /* AppDelegate.swift in Sources */,
			);
			runOnlyForDeploymentPostprocessing = 0;
		};
/* End PBXSourcesBuildPhase section */

/* Begin PBXVariantGroup section */
		037DF5062E9014AD006307D9 /* Main.storyboard */ = {
			isa = PBXVariantGroup;
			children = (
				037DF5072E9014AD006307D9 /* Base */,
			);
			name = Main.storyboard;
			sourceTree = "<group>";
		};
/* End PBXVariantGroup section */

/* Begin XCBuildConfiguration section */
		037DF50A2E9014AD006307D9 /* Debug */ = {
			isa = XCBuildConfiguration;
			buildSettings = {
				ALWAYS_SEARCH_USER_PATHS = NO;
				ASSETCATALOG_COMPILER_GENERATE_SWIFT_ASSET_SYMBOL_EXTENSIONS = YES;
				CLANG_ANALYZER_NONNULL = YES;
				CLANG_ANALYZER_NUMBER_OBJECT_CONVERSION = YES_AGGRESSIVE;
				CLANG_CXX_LANGUAGE_STANDARD = "gnu++20";
				CLANG_ENABLE_MODULES = YES;
				CLANG_ENABLE_OBJC_ARC = YES;
				CLANG_ENABLE_OBJC_WEAK = YES;
				CLANG_WARN_BLOCK_CAPTURE_AUTORELEASING = YES;
				CLANG_WARN_BOOL_CONVERSION = YES;
				CLANG_WARN_COMMA = YES;
				CLANG_WARN_CONSTANT_CONVERSION = YES;
				CLANG_WARN_DEPRECATED_OBJC_IMPLEMENTATIONS = YES;
				CLANG_WARN_DIRECT_OBJC_ISA_USAGE = YES_ERROR;
				CLANG_WARN_DOCUMENTATION_COMMENTS = YES;
				CLANG_WARN_EMPTY_BODY = YES;
				CLANG_WARN_ENUM_CONVERSION = YES;
				CLANG_WARN_INFINITE_RECURSION = YES;
				CLANG_WARN_INT_CONVERSION = YES;
				CLANG_WARN_NON_LITERAL_NULL_CONVERSION = YES;
				CLANG_WARN_OBJC_IMPLICIT_RETAIN_SELF = YES;
				CLANG_WARN_OBJC_LITERAL_CONVERSION = YES;
				CLANG_WARN_OBJC_ROOT_CLASS = YES_ERROR;
				CLANG_WARN_QUOTED_INCLUDE_IN_FRAMEWORK_HEADER = YES;
				CLANG_WARN_RANGE_LOOP_ANALYSIS = YES;
				CLANG_WARN_STRICT_PROTOTYPES = YES;
				CLANG_WARN_SUSPICIOUS_MOVE = YES;
				CLANG_WARN_UNGUARDED_AVAILABILITY = YES_AGGRESSIVE;
				CLANG_WARN_UNREACHABLE_CODE = YES;
				CLANG_WARN__DUPLICATE_METHOD_MATCH = YES;
				COPY_PHASE_STRIP = NO;
				DEBUG_INFORMATION_FORMAT = dwarf;
				ENABLE_STRICT_OBJC_MSGSEND = YES;
				ENABLE_TESTABILITY = YES;
				ENABLE_USER_SCRIPT_SANDBOXING = YES;
				GCC_C_LANGUAGE_STANDARD = gnu17;
				GCC_DYNAMIC_NO_PIC = NO;
				GCC_NO_COMMON_BLOCKS = YES;
				GCC_OPTIMIZATION_LEVEL = 0;
				GCC_PREPROCESSOR_DEFINITIONS = (
					"DEBUG=1",
					"$(inherited)",
				);
				GCC_WARN_64_TO_32_BIT_CONVERSION = YES;
				GCC_WARN_ABOUT_RETURN_TYPE = YES_ERROR;
				GCC_WARN_UNDECLARED_SELECTOR = YES;
				GCC_WARN_UNINITIALIZED_AUTOS = YES_AGGRESSIVE;
				GCC_WARN_UNUSED_FUNCTION = YES;
				GCC_WARN_UNUSED_VARIABLE = YES;
				LOCALIZATION_PREFERS_STRING_CATALOGS = YES;
				MACOSX_DEPLOYMENT_TARGET = 14.5;
				MTL_ENABLE_DEBUG_INFO = INCLUDE_SOURCE;
				MTL_FAST_MATH = YES;
				ONLY_ACTIVE_ARCH = YES;
				SDKROOT = macosx;
				SWIFT_ACTIVE_COMPILATION_CONDITIONS = "DEBUG $(inherited)";
				SWIFT_OPTIMIZATION_LEVEL = "-Onone";
			};
			name = Debug;
		};
		037DF50B2E9014AD006307D9 /* Release */ = {
			isa = XCBuildConfiguration;
			buildSettings = {
				ALWAYS_SEARCH_USER_PATHS = NO;
				ASSETCATALOG_COMPILER_GENERATE_SWIFT_ASSET_SYMBOL_EXTENSIONS = YES;
				CLANG_ANALYZER_NONNULL = YES;
				CLANG_ANALYZER_NUMBER_OBJECT_CONVERSION = YES_AGGRESSIVE;
				CLANG_CXX_LANGUAGE_STANDARD = "gnu++20";
				CLANG_ENABLE_MODULES = YES;
				CLANG_ENABLE_OBJC_ARC = YES;
				CLANG_ENABLE_OBJC_WEAK = YES;
				CLANG_WARN_BLOCK_CAPTURE_AUTORELEASING = YES;
				CLANG_WARN_BOOL_CONVERSION = YES;
				CLANG_WARN_COMMA = YES;
				CLANG_WARN_CONSTANT_CONVERSION = YES;
				CLANG_WARN_DEPRECATED_OBJC_IMPLEMENTATIONS = YES;
				CLANG_WARN_DIRECT_OBJC_ISA_USAGE = YES_ERROR;
				CLANG_WARN_DOCUMENTATION_COMMENTS = YES;
				CLANG_WARN_EMPTY_BODY = YES;
				CLANG_WARN_ENUM_CONVERSION = YES;
				CLANG_WARN_INFINITE_RECURSION = YES;
				CLANG_WARN_INT_CONVERSION = YES;
				CLANG_WARN_NON_LITERAL_NULL_CONVERSION = YES;
				CLANG_WARN_OBJC_IMPLICIT_RETAIN_SELF = YES;
				CLANG_WARN_OBJC_LITERAL_CONVERSION = YES;
				CLANG_WARN_OBJC_ROOT_CLASS = YES_ERROR;
				CLANG_WARN_QUOTED_INCLUDE_IN_FRAMEWORK_HEADER = YES;
				CLANG_WARN_RANGE_LOOP_ANALYSIS = YES;
				CLANG_WARN_STRICT_PROTOTYPES = YES;
				CLANG_WARN_SUSPICIOUS_MOVE = YES;
				CLANG_WARN_UNGUARDED_AVAILABILITY = YES_AGGRESSIVE;
				CLANG_WARN_UNREACHABLE_CODE = YES;
				CLANG_WARN__DUPLICATE_METHOD_MATCH = YES;
				COPY_PHASE_STRIP = NO;
				DEBUG_INFORMATION_FORMAT = "dwarf-with-dsym";
				ENABLE_NS_ASSERTIONS = NO;
				ENABLE_STRICT_OBJC_MSGSEND = YES;
				ENABLE_USER_SCRIPT_SANDBOXING = YES;
				GCC_C_LANGUAGE_STANDARD = gnu17;
				GCC_NO_COMMON_BLOCKS = YES;
				GCC_WARN_64_TO_32_BIT_CONVERSION = YES;
				GCC_WARN_ABOUT_RETURN_TYPE = YES_ERROR;
				GCC_WARN_UNDECLARED_SELECTOR = YES;
				GCC_WARN_UNINITIALIZED_AUTOS = YES_AGGRESSIVE;
				GCC_WARN_UNUSED_FUNCTION = YES;
				GCC_WARN_UNUSED_VARIABLE = YES;
				LOCALIZATION_PREFERS_STRING_CATALOGS = YES;
				MACOSX_DEPLOYMENT_TARGET = 14.5;
				MTL_ENABLE_DEBUG_INFO = NO;
				MTL_FAST_MATH = YES;
				SDKROOT = macosx;
				SWIFT_COMPILATION_MODE = wholemodule;
			};
			name = Release;
		};
		037DF50D2E9014AD006307D9 /* Debug */ = {
			isa = XCBuildConfiguration;
			buildSettings = {
				ASSETCATALOG_COMPILER_APPICON_NAME = AppIcon;
				ASSETCATALOG_COMPILER_GLOBAL_ACCENT_COLOR_NAME = AccentColor;
				CODE_SIGN_ENTITLEMENTS = SoccerArcade/SoccerArcade.entitlements;
				CODE_SIGN_STYLE = Automatic;
				COMBINE_HIDPI_IMAGES = YES;
				CURRENT_PROJECT_VERSION = 1;
				DEVELOPMENT_TEAM = 53X2422NYU;
				ENABLE_HARDENED_RUNTIME = YES;
				GENERATE_INFOPLIST_FILE = YES;
				INFOPLIST_KEY_NSHumanReadableCopyright = "";
				INFOPLIST_KEY_NSMainStoryboardFile = Main;
				INFOPLIST_KEY_NSPrincipalClass = NSApplication;
				LD_RUNPATH_SEARCH_PATHS = (
					"$(inherited)",
					"@executable_path/../Frameworks",
				);
				MARKETING_VERSION = 1.0;
				PRODUCT_BUNDLE_IDENTIFIER = com.untoldengine.SoccerArcade;
				PRODUCT_NAME = "$(TARGET_NAME)";
				SWIFT_EMIT_LOC_STRINGS = YES;
				SWIFT_OBJC_BRIDGING_HEADER = "";
				SWIFT_VERSION = 5.0;
			};
			name = Debug;
		};
		037DF50E2E9014AD006307D9 /* Release */ = {
			isa = XCBuildConfiguration;
			buildSettings = {
				ASSETCATALOG_COMPILER_APPICON_NAME = AppIcon;
				ASSETCATALOG_COMPILER_GLOBAL_ACCENT_COLOR_NAME = AccentColor;
				CODE_SIGN_ENTITLEMENTS = SoccerArcade/SoccerArcade.entitlements;
				CODE_SIGN_STYLE = Automatic;
				COMBINE_HIDPI_IMAGES = YES;
				CURRENT_PROJECT_VERSION = 1;
				DEVELOPMENT_TEAM = 53X2422NYU;
				ENABLE_HARDENED_RUNTIME = YES;
				GENERATE_INFOPLIST_FILE = YES;
				INFOPLIST_KEY_NSHumanReadableCopyright = "";
				INFOPLIST_KEY_NSMainStoryboardFile = Main;
				INFOPLIST_KEY_NSPrincipalClass = NSApplication;
				LD_RUNPATH_SEARCH_PATHS = (
					"$(inherited)",
					"@executable_path/../Frameworks",
				);
				MARKETING_VERSION = 1.0;
				PRODUCT_BUNDLE_IDENTIFIER = com.untoldengine.SoccerArcade;
				PRODUCT_NAME = "$(TARGET_NAME)";
				SWIFT_EMIT_LOC_STRINGS = YES;
				SWIFT_OBJC_BRIDGING_HEADER = "";
				SWIFT_VERSION = 5.0;
			};
			name = Release;
		};
/* End XCBuildConfiguration section */

/* Begin XCConfigurationList section */
		037DF4F32E9014AC006307D9 /* Build configuration list for PBXProject "SoccerArcade" */ = {
			isa = XCConfigurationList;
			buildConfigurations = (
				037DF50A2E9014AD006307D9 /* Debug */,
				037DF50B2E9014AD006307D9 /* Release */,
			);
			defaultConfigurationIsVisible = 0;
			defaultConfigurationName = Release;
		};
		037DF50C2E9014AD006307D9 /* Build configuration list for PBXNativeTarget "SoccerArcade" */ = {
			isa = XCConfigurationList;
			buildConfigurations = (
				037DF50D2E9014AD006307D9 /* Debug */,
				037DF50E2E9014AD006307D9 /* Release */,
			);
			defaultConfigurationIsVisible = 0;
			defaultConfigurationName = Release;
		};
/* End XCConfigurationList section */

/* Begin XCRemoteSwiftPackageReference section */
		037DF5162E901524006307D9 /* XCRemoteSwiftPackageReference "UntoldEngine" */ = {
			isa = XCRemoteSwiftPackageReference;
			repositoryURL = "https://github.com/untoldengine/UntoldEngine.git";
			requirement = {
				branch = develop;
				kind = branch;
			};
		};
/* End XCRemoteSwiftPackageReference section */

/* Begin XCSwiftPackageProductDependency section */
		037DF5172E901524006307D9 /* UntoldEngine */ = {
			isa = XCSwiftPackageProductDependency;
			package = 037DF5162E901524006307D9 /* XCRemoteSwiftPackageReference "UntoldEngine" */;
			productName = UntoldEngine;
		};
/* End XCSwiftPackageProductDependency section */
	};
	rootObject = 037DF4F02E9014AC006307D9 /* Project object */;
}
