{
  "originHash" : "b58e8fdb84516e5f64da6b4eae07bfa181c1c25fbec65bd79626d958f41f7c4b",
  "pins" : [
    {
      "identity" : "joltphysics",
      "kind" : "remoteSourceControl",
      "location" : "https://github.com/miolabs/JoltPhysics.git",
      "state" : {
        "revision" : "d022139333fea10ae43c9faaa34108c72c9bee7b",
        "version" : "5.6.0-spm.1"
      }
    },
    {
      "identity" : "untoldengine",
      "kind" : "remoteSourceControl",
      "location" : "https://github.com/untoldengine/UntoldEngine.git",
      "state" : {
        "branch" : "develop",
        "revision" : "0af348ed4384853d57ff628ce0b5c4d8ac8133d4"
      }
    }
  ],
  "version" : 3
}
