{
  "originHash" : "bc8e14e737e335da4a0503337d3b416ac93cb13eb2756c90f884e3c625057aa4",
  "pins" : [
    {
      "identity" : "untoldengine",
      "kind" : "remoteSourceControl",
      "location" : "https://github.com/untoldengine/UntoldEngine.git",
      "state" : {
        "branch" : "develop",
        "revision" : "0af348ed4384853d57ff628ce0b5c4d8ac8133d4"
      }
    }
  ],
  "version" : 3
}
