{
  "originHash" : "e4bb1a8e28b6accb4d16d14d3a0b316016238f3615d86c9f20cea110522f84b7",
  "pins" : [
    {
      "identity" : "joltphysics",
      "kind" : "remoteSourceControl",
      "location" : "https://github.com/untoldengine/JoltPhysics.git",
      "state" : {
        "revision" : "31563d34c249147beadee0eb61994dc3b65b57bf",
        "version" : "5.6.0-spm.1"
      }
    },
    {
      "identity" : "untoldengine",
      "kind" : "remoteSourceControl",
      "location" : "https://github.com/miolabs/UntoldEngine.git",
      "state" : {
        "branch" : "feature/mirror_reach_ik",
        "revision" : "e5070707d13774f7f5c6d42e26824a9f3911356d"
      }
    },
    {
      "identity" : "untoldjoltphysics",
      "kind" : "remoteSourceControl",
      "location" : "https://github.com/miolabs/UntoldJoltPhysics.git",
      "state" : {
        "branch" : "feature/mirror_reach_ik",
        "revision" : "46f1ad2ab8e50c8863eb8604e120fe52072e6bd5"
      }
    }
  ],
  "version" : 3
}
