{
  "originHash" : "6c91af501a6bd0ac32357ed4ac35b05652134cf2808eed852dcb01bbf0a46818",
  "pins" : [
    {
      "identity" : "untoldengine",
      "kind" : "remoteSourceControl",
      "location" : "https://github.com/miolabs/UntoldEngine.git",
      "state" : {
        "branch" : "feature/xpbd_muscles",
        "revision" : "774663655b1f362011c90502942cba431061f5c5"
      }
    }
  ],
  "version" : 3
}
